
Microsoft Visual Studio Solution File, Format Version 12.00
Project("{FAE04EC0-301F-11D3-BF4B-00C04F79EFBC}") = "FactoryPatternDemoCSharp-49", "FactoryPatternDemoCSharp-49\FactoryPatternDemoCSharp-49.csproj", "{0281C8F7-976B-4EF6-9AA6-71BC36B12162}"
EndProject
Global
	GlobalSection(SolutionConfigurationPlatforms) = preSolution
		Debug|Any CPU = Debug|Any CPU
		Release|Any CPU = Release|Any CPU
	EndGlobalSection
	GlobalSection(ProjectConfigurationPlatforms) = postSolution
		{0281C8F7-976B-4EF6-9AA6-71BC36B12162}.Debug|Any CPU.ActiveCfg = Debug|Any CPU
		{0281C8F7-976B-4EF6-9AA6-71BC36B12162}.Debug|Any CPU.Build.0 = Debug|Any CPU
		{0281C8F7-976B-4EF6-9AA6-71BC36B12162}.Release|Any CPU.ActiveCfg = Release|Any CPU
		{0281C8F7-976B-4EF6-9AA6-71BC36B12162}.Release|Any CPU.Build.0 = Release|Any CPU
	EndGlobalSection
EndGlobal
